// !$*UTF8*$!
{
	archiveVersion = 1;
	classes = {
	};
	objectVersion = 50;
	objects = {

/* Begin PBXBuildFile section */
		236388A16C5F17EBDD8A9321 /* Pods_bookXCHANGE.framework in Frameworks */ = {isa = PBXBuildFile; fileRef = 77F6885979229F6191946CBE /* Pods_bookXCHANGE.framework */; };
		2C02DF902234167200AB148D /* GoogleService-Info.plist in Resources */ = {isa = PBXBuildFile; fileRef = 2C02DF8F2234167200AB148D /* GoogleService-Info.plist */; };
		2C2BF1E2221933D900EEE59F /* AppDelegate.swift in Sources */ = {isa = PBXBuildFile; fileRef = 2C2BF1E1221933D900EEE59F /* AppDelegate.swift */; };
		2C2BF1E4221933D900EEE59F /* ViewController.swift in Sources */ = {isa = PBXBuildFile; fileRef = 2C2BF1E3221933D900EEE59F /* ViewController.swift */; };
		2C2BF1E7221933D900EEE59F /* Main.storyboard in Resources */ = {isa = PBXBuildFile; fileRef = 2C2BF1E5221933D900EEE59F /* Main.storyboard */; };
		2C2BF1E9221933DB00EEE59F /* Assets.xcassets in Resources */ = {isa = PBXBuildFile; fileRef = 2C2BF1E8221933DB00EEE59F /* Assets.xcassets */; };
		2C2BF1EC221933DB00EEE59F /* LaunchScreen.storyboard in Resources */ = {isa = PBXBuildFile; fileRef = 2C2BF1EA221933DB00EEE59F /* LaunchScreen.storyboard */; };
		2C2BF1F7221933DB00EEE59F /* bookXCHANGETests.swift in Sources */ = {isa = PBXBuildFile; fileRef = 2C2BF1F6221933DB00EEE59F /* bookXCHANGETests.swift */; };
		2C2BF202221933DB00EEE59F /* bookXCHANGEUITests.swift in Sources */ = {isa = PBXBuildFile; fileRef = 2C2BF201221933DB00EEE59F /* bookXCHANGEUITests.swift */; };
		2C2BF21022193DAD00EEE59F /* ProfileViewController.swift in Sources */ = {isa = PBXBuildFile; fileRef = 2C2BF20F22193DAD00EEE59F /* ProfileViewController.swift */; };
		2C2BF21222193F0A00EEE59F /* MainTabBarController.swift in Sources */ = {isa = PBXBuildFile; fileRef = 2C2BF21122193F0A00EEE59F /* MainTabBarController.swift */; };
		2C2BF21422193F2300EEE59F /* ProfileNavigationController.swift in Sources */ = {isa = PBXBuildFile; fileRef = 2C2BF21322193F2300EEE59F /* ProfileNavigationController.swift */; };
		2C6F32382219E1FC00C98326 /* ListingNavigationController.swift in Sources */ = {isa = PBXBuildFile; fileRef = 2C6F32372219E1FC00C98326 /* ListingNavigationController.swift */; };
		2C6F323A2219EA2700C98326 /* ShopNavigationController.swift in Sources */ = {isa = PBXBuildFile; fileRef = 2C6F32392219EA2700C98326 /* ShopNavigationController.swift */; };
		2C6F323C2219F42800C98326 /* ListingViewController.swift in Sources */ = {isa = PBXBuildFile; fileRef = 2C6F323B2219F42800C98326 /* ListingViewController.swift */; };
		2C6F323E221A01D600C98326 /* PostTableViewCell.swift in Sources */ = {isa = PBXBuildFile; fileRef = 2C6F323D221A01D600C98326 /* PostTableViewCell.swift */; };
		2C6F3240221A020900C98326 /* postTableViewController.swift in Sources */ = {isa = PBXBuildFile; fileRef = 2C6F323F221A020900C98326 /* postTableViewController.swift */; };
		2C6F3243221A024800C98326 /* POSTViewControllerCell.swift in Sources */ = {isa = PBXBuildFile; fileRef = 2C6F3241221A024800C98326 /* POSTViewControllerCell.swift */; };
		2C6F3244221A024800C98326 /* POSTViewControllerCell.xib in Resources */ = {isa = PBXBuildFile; fileRef = 2C6F3242221A024800C98326 /* POSTViewControllerCell.xib */; };
		2C6F3246221A101B00C98326 /* ShopProfile.swift in Sources */ = {isa = PBXBuildFile; fileRef = 2C6F3245221A101B00C98326 /* ShopProfile.swift */; };
		30E5141A6577D7E076BA2038 /* Pods_bookXCHANGETests.framework in Frameworks */ = {isa = PBXBuildFile; fileRef = A975661542DD273E2C83EA89 /* Pods_bookXCHANGETests.framework */; };
		69E83751EE5FA80F9284F6FC /* Pods_bookXCHANGEUITests.framework in Frameworks */ = {isa = PBXBuildFile; fileRef = 745821AE551C427BD4C0B441 /* Pods_bookXCHANGEUITests.framework */; };
/* End PBXBuildFile section */

/* Begin PBXContainerItemProxy section */
		2C2BF1F3221933DB00EEE59F /* PBXContainerItemProxy */ = {
			isa = PBXContainerItemProxy;
			containerPortal = 2C2BF1D6221933D900EEE59F /* Project object */;
			proxyType = 1;
			remoteGlobalIDString = 2C2BF1DD221933D900EEE59F;
			remoteInfo = bookXCHANGE;
		};
		2C2BF1FE221933DB00EEE59F /* PBXContainerItemProxy */ = {
			isa = PBXContainerItemProxy;
			containerPortal = 2C2BF1D6221933D900EEE59F /* Project object */;
			proxyType = 1;
			remoteGlobalIDString = 2C2BF1DD221933D900EEE59F;
			remoteInfo = bookXCHANGE;
		};
/* End PBXContainerItemProxy section */

/* Begin PBXFileReference section */
		2C02DF8F2234167200AB148D /* GoogleService-Info.plist */ = {isa = PBXFileReference; fileEncoding = 4; lastKnownFileType = text.plist.xml; path = "GoogleService-Info.plist"; sourceTree = "<group>"; };
		2C2BF1DE221933D900EEE59F /* bookXCHANGE.app */ = {isa = PBXFileReference; explicitFileType = wrapper.application; includeInIndex = 0; path = bookXCHANGE.app; sourceTree = BUILT_PRODUCTS_DIR; };
		2C2BF1E1221933D900EEE59F /* AppDelegate.swift */ = {isa = PBXFileReference; lastKnownFileType = sourcecode.swift; path = AppDelegate.swift; sourceTree = "<group>"; };
		2C2BF1E3221933D900EEE59F /* ViewController.swift */ = {isa = PBXFileReference; lastKnownFileType = sourcecode.swift; path = ViewController.swift; sourceTree = "<group>"; };
		2C2BF1E6221933D900EEE59F /* Base */ = {isa = PBXFileReference; lastKnownFileType = file.storyboard; name = Base; path = Base.lproj/Main.storyboard; sourceTree = "<group>"; };
		2C2BF1E8221933DB00EEE59F /* Assets.xcassets */ = {isa = PBXFileReference; lastKnownFileType = folder.assetcatalog; path = Assets.xcassets; sourceTree = "<group>"; };
		2C2BF1EB221933DB00EEE59F /* Base */ = {isa = PBXFileReference; lastKnownFileType = file.storyboard; name = Base; path = Base.lproj/LaunchScreen.storyboard; sourceTree = "<group>"; };
		2C2BF1ED221933DB00EEE59F /* Info.plist */ = {isa = PBXFileReference; lastKnownFileType = text.plist.xml; path = Info.plist; sourceTree = "<group>"; };
		2C2BF1F2221933DB00EEE59F /* bookXCHANGETests.xctest */ = {isa = PBXFileReference; explicitFileType = wrapper.cfbundle; includeInIndex = 0; path = bookXCHANGETests.xctest; sourceTree = BUILT_PRODUCTS_DIR; };
		2C2BF1F6221933DB00EEE59F /* bookXCHANGETests.swift */ = {isa = PBXFileReference; lastKnownFileType = sourcecode.swift; path = bookXCHANGETests.swift; sourceTree = "<group>"; };
		2C2BF1F8221933DB00EEE59F /* Info.plist */ = {isa = PBXFileReference; lastKnownFileType = text.plist.xml; path = Info.plist; sourceTree = "<group>"; };
		2C2BF1FD221933DB00EEE59F /* bookXCHANGEUITests.xctest */ = {isa = PBXFileReference; explicitFileType = wrapper.cfbundle; includeInIndex = 0; path = bookXCHANGEUITests.xctest; sourceTree = BUILT_PRODUCTS_DIR; };
		2C2BF201221933DB00EEE59F /* bookXCHANGEUITests.swift */ = {isa = PBXFileReference; lastKnownFileType = sourcecode.swift; path = bookXCHANGEUITests.swift; sourceTree = "<group>"; };
		2C2BF203221933DB00EEE59F /* Info.plist */ = {isa = PBXFileReference; lastKnownFileType = text.plist.xml; path = Info.plist; sourceTree = "<group>"; };
		2C2BF20F22193DAD00EEE59F /* ProfileViewController.swift */ = {isa = PBXFileReference; lastKnownFileType = sourcecode.swift; path = ProfileViewController.swift; sourceTree = "<group>"; };
		2C2BF21122193F0A00EEE59F /* MainTabBarController.swift */ = {isa = PBXFileReference; lastKnownFileType = sourcecode.swift; path = MainTabBarController.swift; sourceTree = "<group>"; };
		2C2BF21322193F2300EEE59F /* ProfileNavigationController.swift */ = {isa = PBXFileReference; lastKnownFileType = sourcecode.swift; path = ProfileNavigationController.swift; sourceTree = "<group>"; };
		2C6F32372219E1FC00C98326 /* ListingNavigationController.swift */ = {isa = PBXFileReference; lastKnownFileType = sourcecode.swift; path = ListingNavigationController.swift; sourceTree = "<group>"; };
		2C6F32392219EA2700C98326 /* ShopNavigationController.swift */ = {isa = PBXFileReference; lastKnownFileType = sourcecode.swift; path = ShopNavigationController.swift; sourceTree = "<group>"; };
		2C6F323B2219F42800C98326 /* ListingViewController.swift */ = {isa = PBXFileReference; lastKnownFileType = sourcecode.swift; path = ListingViewController.swift; sourceTree = "<group>"; };
		2C6F323D221A01D600C98326 /* PostTableViewCell.swift */ = {isa = PBXFileReference; lastKnownFileType = sourcecode.swift; path = PostTableViewCell.swift; sourceTree = "<group>"; };
		2C6F323F221A020900C98326 /* postTableViewController.swift */ = {isa = PBXFileReference; lastKnownFileType = sourcecode.swift; path = postTableViewController.swift; sourceTree = "<group>"; };
		2C6F3241221A024800C98326 /* POSTViewControllerCell.swift */ = {isa = PBXFileReference; lastKnownFileType = sourcecode.swift; path = POSTViewControllerCell.swift; sourceTree = "<group>"; };
		2C6F3242221A024800C98326 /* POSTViewControllerCell.xib */ = {isa = PBXFileReference; lastKnownFileType = file.xib; path = POSTViewControllerCell.xib; sourceTree = "<group>"; };
		2C6F3245221A101B00C98326 /* ShopProfile.swift */ = {isa = PBXFileReference; lastKnownFileType = sourcecode.swift; path = ShopProfile.swift; sourceTree = "<group>"; };
		722E84279CA2EF6128A9DDFD /* Pods-bookXCHANGETests.release.xcconfig */ = {isa = PBXFileReference; includeInIndex = 1; lastKnownFileType = text.xcconfig; name = "Pods-bookXCHANGETests.release.xcconfig"; path = "Target Support Files/Pods-bookXCHANGETests/Pods-bookXCHANGETests.release.xcconfig"; sourceTree = "<group>"; };
		745821AE551C427BD4C0B441 /* Pods_bookXCHANGEUITests.framework */ = {isa = PBXFileReference; explicitFileType = wrapper.framework; includeInIndex = 0; path = Pods_bookXCHANGEUITests.framework; sourceTree = BUILT_PRODUCTS_DIR; };
		77F6885979229F6191946CBE /* Pods_bookXCHANGE.framework */ = {isa = PBXFileReference; explicitFileType = wrapper.framework; includeInIndex = 0; path = Pods_bookXCHANGE.framework; sourceTree = BUILT_PRODUCTS_DIR; };
		919FAE69F3D714D4F0B72A2E /* Pods-bookXCHANGETests.debug.xcconfig */ = {isa = PBXFileReference; includeInIndex = 1; lastKnownFileType = text.xcconfig; name = "Pods-bookXCHANGETests.debug.xcconfig"; path = "Target Support Files/Pods-bookXCHANGETests/Pods-bookXCHANGETests.debug.xcconfig"; sourceTree = "<group>"; };
		9D5383D15A5F8CB9304F7E8D /* Pods-bookXCHANGE.debug.xcconfig */ = {isa = PBXFileReference; includeInIndex = 1; lastKnownFileType = text.xcconfig; name = "Pods-bookXCHANGE.debug.xcconfig"; path = "Target Support Files/Pods-bookXCHANGE/Pods-bookXCHANGE.debug.xcconfig"; sourceTree = "<group>"; };
		A975661542DD273E2C83EA89 /* Pods_bookXCHANGETests.framework */ = {isa = PBXFileReference; explicitFileType = wrapper.framework; includeInIndex = 0; path = Pods_bookXCHANGETests.framework; sourceTree = BUILT_PRODUCTS_DIR; };
		AE2D0EAF0047D657ED346237 /* Pods-bookXCHANGEUITests.release.xcconfig */ = {isa = PBXFileReference; includeInIndex = 1; lastKnownFileType = text.xcconfig; name = "Pods-bookXCHANGEUITests.release.xcconfig"; path = "Target Support Files/Pods-bookXCHANGEUITests/Pods-bookXCHANGEUITests.release.xcconfig"; sourceTree = "<group>"; };
		C9E2A576A77B64B207BF3869 /* Pods-bookXCHANGEUITests.debug.xcconfig */ = {isa = PBXFileReference; includeInIndex = 1; lastKnownFileType = text.xcconfig; name = "Pods-bookXCHANGEUITests.debug.xcconfig"; path = "Target Support Files/Pods-bookXCHANGEUITests/Pods-bookXCHANGEUITests.debug.xcconfig"; sourceTree = "<group>"; };
		E83DF5C4892391FBD4710D9B /* Pods-bookXCHANGE.release.xcconfig */ = {isa = PBXFileReference; includeInIndex = 1; lastKnownFileType = text.xcconfig; name = "Pods-bookXCHANGE.release.xcconfig"; path = "Target Support Files/Pods-bookXCHANGE/Pods-bookXCHANGE.release.xcconfig"; sourceTree = "<group>"; };
/* End PBXFileReference section */

/* Begin PBXFrameworksBuildPhase section */
		2C2BF1DB221933D900EEE59F /* Frameworks */ = {
			isa = PBXFrameworksBuildPhase;
			buildActionMask = 2147483647;
			files = (
				236388A16C5F17EBDD8A9321 /* Pods_bookXCHANGE.framework in Frameworks */,
			);
			runOnlyForDeploymentPostprocessing = 0;
		};
		2C2BF1EF221933DB00EEE59F /* Frameworks */ = {
			isa = PBXFrameworksBuildPhase;
			buildActionMask = 2147483647;
			files = (
				30E5141A6577D7E076BA2038 /* Pods_bookXCHANGETests.framework in Frameworks */,
			);
			runOnlyForDeploymentPostprocessing = 0;
		};
		2C2BF1FA221933DB00EEE59F /* Frameworks */ = {
			isa = PBXFrameworksBuildPhase;
			buildActionMask = 2147483647;
			files = (
				69E83751EE5FA80F9284F6FC /* Pods_bookXCHANGEUITests.framework in Frameworks */,
			);
			runOnlyForDeploymentPostprocessing = 0;
		};
/* End PBXFrameworksBuildPhase section */

/* Begin PBXGroup section */
		2C2BF1D5221933D900EEE59F = {
			isa = PBXGroup;
			children = (
				2C6F323D221A01D600C98326 /* PostTableViewCell.swift */,
				2C2BF1E0221933D900EEE59F /* bookXCHANGE */,
				2C2BF1F5221933DB00EEE59F /* bookXCHANGETests */,
				2C2BF200221933DB00EEE59F /* bookXCHANGEUITests */,
				2C2BF1DF221933D900EEE59F /* Products */,
				3E758AE610CEB686463D7488 /* Pods */,
				7AB8DA79D8CF5D9F8390E398 /* Frameworks */,
			);
			sourceTree = "<group>";
		};
		2C2BF1DF221933D900EEE59F /* Products */ = {
			isa = PBXGroup;
			children = (
				2C2BF1DE221933D900EEE59F /* bookXCHANGE.app */,
				2C2BF1F2221933DB00EEE59F /* bookXCHANGETests.xctest */,
				2C2BF1FD221933DB00EEE59F /* bookXCHANGEUITests.xctest */,
			);
			name = Products;
			sourceTree = "<group>";
		};
		2C2BF1E0221933D900EEE59F /* bookXCHANGE */ = {
			isa = PBXGroup;
			children = (
				2C2BF1E1221933D900EEE59F /* AppDelegate.swift */,
				2C2BF1E3221933D900EEE59F /* ViewController.swift */,
				2C2BF1E5221933D900EEE59F /* Main.storyboard */,
				2C2BF1E8221933DB00EEE59F /* Assets.xcassets */,
				2C2BF1EA221933DB00EEE59F /* LaunchScreen.storyboard */,
				2C2BF1ED221933DB00EEE59F /* Info.plist */,
				2C2BF20F22193DAD00EEE59F /* ProfileViewController.swift */,
				2C6F32372219E1FC00C98326 /* ListingNavigationController.swift */,
				2C6F32392219EA2700C98326 /* ShopNavigationController.swift */,
				2C2BF21122193F0A00EEE59F /* MainTabBarController.swift */,
				2C2BF21322193F2300EEE59F /* ProfileNavigationController.swift */,
				2C6F323B2219F42800C98326 /* ListingViewController.swift */,
				2C6F323F221A020900C98326 /* postTableViewController.swift */,
				2C6F3241221A024800C98326 /* POSTViewControllerCell.swift */,
				2C6F3242221A024800C98326 /* POSTViewControllerCell.xib */,
				2C6F3245221A101B00C98326 /* ShopProfile.swift */,
				2C02DF8F2234167200AB148D /* GoogleService-Info.plist */,
			);
			path = bookXCHANGE;
			sourceTree = "<group>";
		};
		2C2BF1F5221933DB00EEE59F /* bookXCHANGETests */ = {
			isa = PBXGroup;
			children = (
				2C2BF1F6221933DB00EEE59F /* bookXCHANGETests.swift */,
				2C2BF1F8221933DB00EEE59F /* Info.plist */,
			);
			path = bookXCHANGETests;
			sourceTree = "<group>";
		};
		2C2BF200221933DB00EEE59F /* bookXCHANGEUITests */ = {
			isa = PBXGroup;
			children = (
				2C2BF201221933DB00EEE59F /* bookXCHANGEUITests.swift */,
				2C2BF203221933DB00EEE59F /* Info.plist */,
			);
			path = bookXCHANGEUITests;
			sourceTree = "<group>";
		};
		3E758AE610CEB686463D7488 /* Pods */ = {
			isa = PBXGroup;
			children = (
				9D5383D15A5F8CB9304F7E8D /* Pods-bookXCHANGE.debug.xcconfig */,
				E83DF5C4892391FBD4710D9B /* Pods-bookXCHANGE.release.xcconfig */,
				919FAE69F3D714D4F0B72A2E /* Pods-bookXCHANGETests.debug.xcconfig */,
				722E84279CA2EF6128A9DDFD /* Pods-bookXCHANGETests.release.xcconfig */,
				C9E2A576A77B64B207BF3869 /* Pods-bookXCHANGEUITests.debug.xcconfig */,
				AE2D0EAF0047D657ED346237 /* Pods-bookXCHANGEUITests.release.xcconfig */,
			);
			name = Pods;
			path = Pods;
			sourceTree = "<group>";
		};
		7AB8DA79D8CF5D9F8390E398 /* Frameworks */ = {
			isa = PBXGroup;
			children = (
				77F6885979229F6191946CBE /* Pods_bookXCHANGE.framework */,
				A975661542DD273E2C83EA89 /* Pods_bookXCHANGETests.framework */,
				745821AE551C427BD4C0B441 /* Pods_bookXCHANGEUITests.framework */,
			);
			name = Frameworks;
			sourceTree = "<group>";
		};
/* End PBXGroup section */

/* Begin PBXNativeTarget section */
		2C2BF1DD221933D900EEE59F /* bookXCHANGE */ = {
			isa = PBXNativeTarget;
			buildConfigurationList = 2C2BF206221933DB00EEE59F /* Build configuration list for PBXNativeTarget "bookXCHANGE" */;
			buildPhases = (
				C5A5181479669486F40B20E0 /* [CP] Check Pods Manifest.lock */,
				2C2BF1DA221933D900EEE59F /* Sources */,
				2C2BF1DB221933D900EEE59F /* Frameworks */,
				2C2BF1DC221933D900EEE59F /* Resources */,
				F48DE719F082ABC41F8865E2 /* [CP] Embed Pods Frameworks */,
			);
			buildRules = (
			);
			dependencies = (
			);
			name = bookXCHANGE;
			productName = bookXCHANGE;
			productReference = 2C2BF1DE221933D900EEE59F /* bookXCHANGE.app */;
			productType = "com.apple.product-type.application";
		};
		2C2BF1F1221933DB00EEE59F /* bookXCHANGETests */ = {
			isa = PBXNativeTarget;
			buildConfigurationList = 2C2BF209221933DB00EEE59F /* Build configuration list for PBXNativeTarget "bookXCHANGETests" */;
			buildPhases = (
				CCBC7671F8F67CA0C2C029A2 /* [CP] Check Pods Manifest.lock */,
				2C2BF1EE221933DB00EEE59F /* Sources */,
				2C2BF1EF221933DB00EEE59F /* Frameworks */,
				2C2BF1F0221933DB00EEE59F /* Resources */,
			);
			buildRules = (
			);
			dependencies = (
				2C2BF1F4221933DB00EEE59F /* PBXTargetDependency */,
			);
			name = bookXCHANGETests;
			productName = bookXCHANGETests;
			productReference = 2C2BF1F2221933DB00EEE59F /* bookXCHANGETests.xctest */;
			productType = "com.apple.product-type.bundle.unit-test";
		};
		2C2BF1FC221933DB00EEE59F /* bookXCHANGEUITests */ = {
			isa = PBXNativeTarget;
			buildConfigurationList = 2C2BF20C221933DB00EEE59F /* Build configuration list for PBXNativeTarget "bookXCHANGEUITests" */;
			buildPhases = (
				162BAD5ECD65C8A7EA77DB4B /* [CP] Check Pods Manifest.lock */,
				2C2BF1F9221933DB00EEE59F /* Sources */,
				2C2BF1FA221933DB00EEE59F /* Frameworks */,
				2C2BF1FB221933DB00EEE59F /* Resources */,
			);
			buildRules = (
			);
			dependencies = (
				2C2BF1FF221933DB00EEE59F /* PBXTargetDependency */,
			);
			name = bookXCHANGEUITests;
			productName = bookXCHANGEUITests;
			productReference = 2C2BF1FD221933DB00EEE59F /* bookXCHANGEUITests.xctest */;
			productType = "com.apple.product-type.bundle.ui-testing";
		};
/* End PBXNativeTarget section */

/* Begin PBXProject section */
		2C2BF1D6221933D900EEE59F /* Project object */ = {
			isa = PBXProject;
			attributes = {
				LastSwiftUpdateCheck = 1010;
				LastUpgradeCheck = 1010;
				ORGANIZATIONNAME = "Eric Chu";
				TargetAttributes = {
					2C2BF1DD221933D900EEE59F = {
						CreatedOnToolsVersion = 10.1;
					};
					2C2BF1F1221933DB00EEE59F = {
						CreatedOnToolsVersion = 10.1;
						TestTargetID = 2C2BF1DD221933D900EEE59F;
					};
					2C2BF1FC221933DB00EEE59F = {
						CreatedOnToolsVersion = 10.1;
						TestTargetID = 2C2BF1DD221933D900EEE59F;
					};
				};
			};
			buildConfigurationList = 2C2BF1D9221933D900EEE59F /* Build configuration list for PBXProject "bookXCHANGE" */;
			compatibilityVersion = "Xcode 9.3";
			developmentRegion = en;
			hasScannedForEncodings = 0;
			knownRegions = (
				en,
				Base,
			);
			mainGroup = 2C2BF1D5221933D900EEE59F;
			productRefGroup = 2C2BF1DF221933D900EEE59F /* Products */;
			projectDirPath = "";
			projectRoot = "";
			targets = (
				2C2BF1DD221933D900EEE59F /* bookXCHANGE */,
				2C2BF1F1221933DB00EEE59F /* bookXCHANGETests */,
				2C2BF1FC221933DB00EEE59F /* bookXCHANGEUITests */,
			);
		};
/* End PBXProject section */

/* Begin PBXResourcesBuildPhase section */
		2C2BF1DC221933D900EEE59F /* Resources */ = {
			isa = PBXResourcesBuildPhase;
			buildActionMask = 2147483647;
			files = (
				2C6F3244221A024800C98326 /* POSTViewControllerCell.xib in Resources */,
				2C2BF1EC221933DB00EEE59F /* LaunchScreen.storyboard in Resources */,
				2C02DF902234167200AB148D /* GoogleService-Info.plist in Resources */,
				2C2BF1E9221933DB00EEE59F /* Assets.xcassets in Resources */,
				2C2BF1E7221933D900EEE59F /* Main.storyboard in Resources */,
			);
			runOnlyForDeploymentPostprocessing = 0;
		};
		2C2BF1F0221933DB00EEE59F /* Resources */ = {
			isa = PBXResourcesBuildPhase;
			buildActionMask = 2147483647;
			files = (
			);
			runOnlyForDeploymentPostprocessing = 0;
		};
		2C2BF1FB221933DB00EEE59F /* Resources */ = {
			isa = PBXResourcesBuildPhase;
			buildActionMask = 2147483647;
			files = (
			);
			runOnlyForDeploymentPostprocessing = 0;
		};
/* End PBXResourcesBuildPhase section */

/* Begin PBXShellScriptBuildPhase section */
		162BAD5ECD65C8A7EA77DB4B /* [CP] Check Pods Manifest.lock */ = {
			isa = PBXShellScriptBuildPhase;
			buildActionMask = 2147483647;
			files = (
			);
			inputFileListPaths = (
			);
			inputPaths = (
				"${PODS_PODFILE_DIR_PATH}/Podfile.lock",
				"${PODS_ROOT}/Manifest.lock",
			);
			name = "[CP] Check Pods Manifest.lock";
			outputFileListPaths = (
			);
			outputPaths = (
				"$(DERIVED_FILE_DIR)/Pods-bookXCHANGEUITests-checkManifestLockResult.txt",
			);
			runOnlyForDeploymentPostprocessing = 0;
			shellPath = /bin/sh;
			shellScript = "diff \"${PODS_PODFILE_DIR_PATH}/Podfile.lock\" \"${PODS_ROOT}/Manifest.lock\" > /dev/null\nif [ $? != 0 ] ; then\n    # print error to STDERR\n    echo \"error: The sandbox is not in sync with the Podfile.lock. Run 'pod install' or update your CocoaPods installation.\" >&2\n    exit 1\nfi\n# This output is used by Xcode 'outputs' to avoid re-running this script phase.\necho \"SUCCESS\" > \"${SCRIPT_OUTPUT_FILE_0}\"\n";
			showEnvVarsInLog = 0;
		};
		C5A5181479669486F40B20E0 /* [CP] Check Pods Manifest.lock */ = {
			isa = PBXShellScriptBuildPhase;
			buildActionMask = 2147483647;
			files = (
			);
			inputFileListPaths = (
			);
			inputPaths = (
				"${PODS_PODFILE_DIR_PATH}/Podfile.lock",
				"${PODS_ROOT}/Manifest.lock",
			);
			name = "[CP] Check Pods Manifest.lock";
			outputFileListPaths = (
			);
			outputPaths = (
				"$(DERIVED_FILE_DIR)/Pods-bookXCHANGE-checkManifestLockResult.txt",
			);
			runOnlyForDeploymentPostprocessing = 0;
			shellPath = /bin/sh;
			shellScript = "diff \"${PODS_PODFILE_DIR_PATH}/Podfile.lock\" \"${PODS_ROOT}/Manifest.lock\" > /dev/null\nif [ $? != 0 ] ; then\n    # print error to STDERR\n    echo \"error: The sandbox is not in sync with the Podfile.lock. Run 'pod install' or update your CocoaPods installation.\" >&2\n    exit 1\nfi\n# This output is used by Xcode 'outputs' to avoid re-running this script phase.\necho \"SUCCESS\" > \"${SCRIPT_OUTPUT_FILE_0}\"\n";
			showEnvVarsInLog = 0;
		};
		CCBC7671F8F67CA0C2C029A2 /* [CP] Check Pods Manifest.lock */ = {
			isa = PBXShellScriptBuildPhase;
			buildActionMask = 2147483647;
			files = (
			);
			inputFileListPaths = (
			);
			inputPaths = (
				"${PODS_PODFILE_DIR_PATH}/Podfile.lock",
				"${PODS_ROOT}/Manifest.lock",
			);
			name = "[CP] Check Pods Manifest.lock";
			outputFileListPaths = (
			);
			outputPaths = (
				"$(DERIVED_FILE_DIR)/Pods-bookXCHANGETests-checkManifestLockResult.txt",
			);
			runOnlyForDeploymentPostprocessing = 0;
			shellPath = /bin/sh;
			shellScript = "diff \"${PODS_PODFILE_DIR_PATH}/Podfile.lock\" \"${PODS_ROOT}/Manifest.lock\" > /dev/null\nif [ $? != 0 ] ; then\n    # print error to STDERR\n    echo \"error: The sandbox is not in sync with the Podfile.lock. Run 'pod install' or update your CocoaPods installation.\" >&2\n    exit 1\nfi\n# This output is used by Xcode 'outputs' to avoid re-running this script phase.\necho \"SUCCESS\" > \"${SCRIPT_OUTPUT_FILE_0}\"\n";
			showEnvVarsInLog = 0;
		};
		F48DE719F082ABC41F8865E2 /* [CP] Embed Pods Frameworks */ = {
			isa = PBXShellScriptBuildPhase;
			buildActionMask = 2147483647;
			files = (
			);
			inputFileListPaths = (
			);
			inputPaths = (
				"${PODS_ROOT}/Target Support Files/Pods-bookXCHANGE/Pods-bookXCHANGE-frameworks.sh",
				"${BUILT_PRODUCTS_DIR}/GTMSessionFetcher/GTMSessionFetcher.framework",
				"${BUILT_PRODUCTS_DIR}/GoogleUtilities/GoogleUtilities.framework",
				"${BUILT_PRODUCTS_DIR}/nanopb/nanopb.framework",
			);
			name = "[CP] Embed Pods Frameworks";
			outputFileListPaths = (
			);
			outputPaths = (
				"${TARGET_BUILD_DIR}/${FRAMEWORKS_FOLDER_PATH}/GTMSessionFetcher.framework",
				"${TARGET_BUILD_DIR}/${FRAMEWORKS_FOLDER_PATH}/GoogleUtilities.framework",
				"${TARGET_BUILD_DIR}/${FRAMEWORKS_FOLDER_PATH}/nanopb.framework",
			);
			runOnlyForDeploymentPostprocessing = 0;
			shellPath = /bin/sh;
			shellScript = "\"${PODS_ROOT}/Target Support Files/Pods-bookXCHANGE/Pods-bookXCHANGE-frameworks.sh\"\n";
			showEnvVarsInLog = 0;
		};
/* End PBXShellScriptBuildPhase section */

/* Begin PBXSourcesBuildPhase section */
		2C2BF1DA221933D900EEE59F /* Sources */ = {
			isa = PBXSourcesBuildPhase;
			buildActionMask = 2147483647;
			files = (
				2C6F323A2219EA2700C98326 /* ShopNavigationController.swift in Sources */,
				2C6F32382219E1FC00C98326 /* ListingNavigationController.swift in Sources */,
				2C2BF21022193DAD00EEE59F /* ProfileViewController.swift in Sources */,
				2C6F3246221A101B00C98326 /* ShopProfile.swift in Sources */,
				2C2BF1E4221933D900EEE59F /* ViewController.swift in Sources */,
				2C2BF21222193F0A00EEE59F /* MainTabBarController.swift in Sources */,
				2C2BF1E2221933D900EEE59F /* AppDelegate.swift in Sources */,
				2C2BF21422193F2300EEE59F /* ProfileNavigationController.swift in Sources */,
				2C6F3240221A020900C98326 /* postTableViewController.swift in Sources */,
				2C6F323C2219F42800C98326 /* ListingViewController.swift in Sources */,
				2C6F3243221A024800C98326 /* POSTViewControllerCell.swift in Sources */,
				2C6F323E221A01D600C98326 /* PostTableViewCell.swift in Sources */,
			);
			runOnlyForDeploymentPostprocessing = 0;
		};
		2C2BF1EE221933DB00EEE59F /* Sources */ = {
			isa = PBXSourcesBuildPhase;
			buildActionMask = 2147483647;
			files = (
				2C2BF1F7221933DB00EEE59F /* bookXCHANGETests.swift in Sources */,
			);
			runOnlyForDeploymentPostprocessing = 0;
		};
		2C2BF1F9221933DB00EEE59F /* Sources */ = {
			isa = PBXSourcesBuildPhase;
			buildActionMask = 2147483647;
			files = (
				2C2BF202221933DB00EEE59F /* bookXCHANGEUITests.swift in Sources */,
			);
			runOnlyForDeploymentPostprocessing = 0;
		};
/* End PBXSourcesBuildPhase section */

/* Begin PBXTargetDependency section */
		2C2BF1F4221933DB00EEE59F /* PBXTargetDependency */ = {
			isa = PBXTargetDependency;
			target = 2C2BF1DD221933D900EEE59F /* bookXCHANGE */;
			targetProxy = 2C2BF1F3221933DB00EEE59F /* PBXContainerItemProxy */;
		};
		2C2BF1FF221933DB00EEE59F /* PBXTargetDependency */ = {
			isa = PBXTargetDependency;
			target = 2C2BF1DD221933D900EEE59F /* bookXCHANGE */;
			targetProxy = 2C2BF1FE221933DB00EEE59F /* PBXContainerItemProxy */;
		};
/* End PBXTargetDependency section */

/* Begin PBXVariantGroup section */
		2C2BF1E5221933D900EEE59F /* Main.storyboard */ = {
			isa = PBXVariantGroup;
			children = (
				2C2BF1E6221933D900EEE59F /* Base */,
			);
			name = Main.storyboard;
			sourceTree = "<group>";
		};
		2C2BF1EA221933DB00EEE59F /* LaunchScreen.storyboard */ = {
			isa = PBXVariantGroup;
			children = (
				2C2BF1EB221933DB00EEE59F /* Base */,
			);
			name = LaunchScreen.storyboard;
			sourceTree = "<group>";
		};
/* End PBXVariantGroup section */

/* Begin XCBuildConfiguration section */
		2C2BF204221933DB00EEE59F /* Debug */ = {
			isa = XCBuildConfiguration;
			buildSettings = {
				ALWAYS_SEARCH_USER_PATHS = NO;
				CLANG_ANALYZER_NONNULL = YES;
				CLANG_ANALYZER_NUMBER_OBJECT_CONVERSION = YES_AGGRESSIVE;
				CLANG_CXX_LANGUAGE_STANDARD = "gnu++14";
				CLANG_CXX_LIBRARY = "libc++";
				CLANG_ENABLE_MODULES = YES;
				CLANG_ENABLE_OBJC_ARC = YES;
				CLANG_ENABLE_OBJC_WEAK = YES;
				CLANG_WARN_BLOCK_CAPTURE_AUTORELEASING = YES;
				CLANG_WARN_BOOL_CONVERSION = YES;
				CLANG_WARN_COMMA = YES;
				CLANG_WARN_CONSTANT_CONVERSION = YES;
				CLANG_WARN_DEPRECATED_OBJC_IMPLEMENTATIONS = YES;
				CLANG_WARN_DIRECT_OBJC_ISA_USAGE = YES_ERROR;
				CLANG_WARN_DOCUMENTATION_COMMENTS = YES;
				CLANG_WARN_EMPTY_BODY = YES;
				CLANG_WARN_ENUM_CONVERSION = YES;
				CLANG_WARN_INFINITE_RECURSION = YES;
				CLANG_WARN_INT_CONVERSION = YES;
				CLANG_WARN_NON_LITERAL_NULL_CONVERSION = YES;
				CLANG_WARN_OBJC_IMPLICIT_RETAIN_SELF = YES;
				CLANG_WARN_OBJC_LITERAL_CONVERSION = YES;
				CLANG_WARN_OBJC_ROOT_CLASS = YES_ERROR;
				CLANG_WARN_RANGE_LOOP_ANALYSIS = YES;
				CLANG_WARN_STRICT_PROTOTYPES = YES;
				CLANG_WARN_SUSPICIOUS_MOVE = YES;
				CLANG_WARN_UNGUARDED_AVAILABILITY = YES_AGGRESSIVE;
				CLANG_WARN_UNREACHABLE_CODE = YES;
				CLANG_WARN__DUPLICATE_METHOD_MATCH = YES;
				CODE_SIGN_IDENTITY = "iPhone Developer";
				COPY_PHASE_STRIP = NO;
				DEBUG_INFORMATION_FORMAT = dwarf;
				ENABLE_STRICT_OBJC_MSGSEND = YES;
				ENABLE_TESTABILITY = YES;
				GCC_C_LANGUAGE_STANDARD = gnu11;
				GCC_DYNAMIC_NO_PIC = NO;
				GCC_NO_COMMON_BLOCKS = YES;
				GCC_OPTIMIZATION_LEVEL = 0;
				GCC_PREPROCESSOR_DEFINITIONS = (
					"DEBUG=1",
					"$(inherited)",
				);
				GCC_WARN_64_TO_32_BIT_CONVERSION = YES;
				GCC_WARN_ABOUT_RETURN_TYPE = YES_ERROR;
				GCC_WARN_UNDECLARED_SELECTOR = YES;
				GCC_WARN_UNINITIALIZED_AUTOS = YES_AGGRESSIVE;
				GCC_WARN_UNUSED_FUNCTION = YES;
				GCC_WARN_UNUSED_VARIABLE = YES;
				IPHONEOS_DEPLOYMENT_TARGET = 12.1;
				MTL_ENABLE_DEBUG_INFO = INCLUDE_SOURCE;
				MTL_FAST_MATH = YES;
				ONLY_ACTIVE_ARCH = YES;
				SDKROOT = iphoneos;
				SWIFT_ACTIVE_COMPILATION_CONDITIONS = DEBUG;
				SWIFT_OPTIMIZATION_LEVEL = "-Onone";
			};
			name = Debug;
		};
		2C2BF205221933DB00EEE59F /* Release */ = {
			isa = XCBuildConfiguration;
			buildSettings = {
				ALWAYS_SEARCH_USER_PATHS = NO;
				CLANG_ANALYZER_NONNULL = YES;
				CLANG_ANALYZER_NUMBER_OBJECT_CONVERSION = YES_AGGRESSIVE;
				CLANG_CXX_LANGUAGE_STANDARD = "gnu++14";
				CLANG_CXX_LIBRARY = "libc++";
				CLANG_ENABLE_MODULES = YES;
				CLANG_ENABLE_OBJC_ARC = YES;
				CLANG_ENABLE_OBJC_WEAK = YES;
				CLANG_WARN_BLOCK_CAPTURE_AUTORELEASING = YES;
				CLANG_WARN_BOOL_CONVERSION = YES;
				CLANG_WARN_COMMA = YES;
				CLANG_WARN_CONSTANT_CONVERSION = YES;
				CLANG_WARN_DEPRECATED_OBJC_IMPLEMENTATIONS = YES;
				CLANG_WARN_DIRECT_OBJC_ISA_USAGE = YES_ERROR;
				CLANG_WARN_DOCUMENTATION_COMMENTS = YES;
				CLANG_WARN_EMPTY_BODY = YES;
				CLANG_WARN_ENUM_CONVERSION = YES;
				CLANG_WARN_INFINITE_RECURSION = YES;
				CLANG_WARN_INT_CONVERSION = YES;
				CLANG_WARN_NON_LITERAL_NULL_CONVERSION = YES;
				CLANG_WARN_OBJC_IMPLICIT_RETAIN_SELF = YES;
				CLANG_WARN_OBJC_LITERAL_CONVERSION = YES;
				CLANG_WARN_OBJC_ROOT_CLASS = YES_ERROR;
				CLANG_WARN_RANGE_LOOP_ANALYSIS = YES;
				CLANG_WARN_STRICT_PROTOTYPES = YES;
				CLANG_WARN_SUSPICIOUS_MOVE = YES;
				CLANG_WARN_UNGUARDED_AVAILABILITY = YES_AGGRESSIVE;
				CLANG_WARN_UNREACHABLE_CODE = YES;
				CLANG_WARN__DUPLICATE_METHOD_MATCH = YES;
				CODE_SIGN_IDENTITY = "iPhone Developer";
				COPY_PHASE_STRIP = NO;
				DEBUG_INFORMATION_FORMAT = "dwarf-with-dsym";
				ENABLE_NS_ASSERTIONS = NO;
				ENABLE_STRICT_OBJC_MSGSEND = YES;
				GCC_C_LANGUAGE_STANDARD = gnu11;
				GCC_NO_COMMON_BLOCKS = YES;
				GCC_WARN_64_TO_32_BIT_CONVERSION = YES;
				GCC_WARN_ABOUT_RETURN_TYPE = YES_ERROR;
				GCC_WARN_UNDECLARED_SELECTOR = YES;
				GCC_WARN_UNINITIALIZED_AUTOS = YES_AGGRESSIVE;
				GCC_WARN_UNUSED_FUNCTION = YES;
				GCC_WARN_UNUSED_VARIABLE = YES;
				IPHONEOS_DEPLOYMENT_TARGET = 12.1;
				MTL_ENABLE_DEBUG_INFO = NO;
				MTL_FAST_MATH = YES;
				SDKROOT = iphoneos;
				SWIFT_COMPILATION_MODE = wholemodule;
				SWIFT_OPTIMIZATION_LEVEL = "-O";
				VALIDATE_PRODUCT = YES;
			};
			name = Release;
		};
		2C2BF207221933DB00EEE59F /* Debug */ = {
			isa = XCBuildConfiguration;
			baseConfigurationReference = 9D5383D15A5F8CB9304F7E8D /* Pods-bookXCHANGE.debug.xcconfig */;
			buildSettings = {
				ASSETCATALOG_COMPILER_APPICON_NAME = AppIcon;
				CODE_SIGN_STYLE = Automatic;
				DEVELOPMENT_TEAM = 68V7PK2JUW;
				INFOPLIST_FILE = bookXCHANGE/Info.plist;
				LD_RUNPATH_SEARCH_PATHS = (
					"$(inherited)",
					"@executable_path/Frameworks",
				);
				PRODUCT_BUNDLE_IDENTIFIER = ericCHU.bookXCHANGE;
				PRODUCT_NAME = "$(TARGET_NAME)";
				SWIFT_VERSION = 4.2;
				TARGETED_DEVICE_FAMILY = "1,2";
			};
			name = Debug;
		};
		2C2BF208221933DB00EEE59F /* Release */ = {
			isa = XCBuildConfiguration;
			baseConfigurationReference = E83DF5C4892391FBD4710D9B /* Pods-bookXCHANGE.release.xcconfig */;
			buildSettings = {
				ASSETCATALOG_COMPILER_APPICON_NAME = AppIcon;
				CODE_SIGN_STYLE = Automatic;
				DEVELOPMENT_TEAM = 68V7PK2JUW;
				INFOPLIST_FILE = bookXCHANGE/Info.plist;
				LD_RUNPATH_SEARCH_PATHS = (
					"$(inherited)",
					"@executable_path/Frameworks",
				);
				PRODUCT_BUNDLE_IDENTIFIER = ericCHU.bookXCHANGE;
				PRODUCT_NAME = "$(TARGET_NAME)";
				SWIFT_VERSION = 4.2;
				TARGETED_DEVICE_FAMILY = "1,2";
			};
			name = Release;
		};
		2C2BF20A221933DB00EEE59F /* Debug */ = {
			isa = XCBuildConfiguration;
			baseConfigurationReference = 919FAE69F3D714D4F0B72A2E /* Pods-bookXCHANGETests.debug.xcconfig */;
			buildSettings = {
				ALWAYS_EMBED_SWIFT_STANDARD_LIBRARIES = YES;
				BUNDLE_LOADER = "$(TEST_HOST)";
				CODE_SIGN_STYLE = Automatic;
				INFOPLIST_FILE = bookXCHANGETests/Info.plist;
				LD_RUNPATH_SEARCH_PATHS = (
					"$(inherited)",
					"@executable_path/Frameworks",
					"@loader_path/Frameworks",
				);
				PRODUCT_BUNDLE_IDENTIFIER = ericCHU.bookXCHANGETests;
				PRODUCT_NAME = "$(TARGET_NAME)";
				SWIFT_VERSION = 4.2;
				TARGETED_DEVICE_FAMILY = "1,2";
				TEST_HOST = "$(BUILT_PRODUCTS_DIR)/bookXCHANGE.app/bookXCHANGE";
			};
			name = Debug;
		};
		2C2BF20B221933DB00EEE59F /* Release */ = {
			isa = XCBuildConfiguration;
			baseConfigurationReference = 722E84279CA2EF6128A9DDFD /* Pods-bookXCHANGETests.release.xcconfig */;
			buildSettings = {
				ALWAYS_EMBED_SWIFT_STANDARD_LIBRARIES = YES;
				BUNDLE_LOADER = "$(TEST_HOST)";
				CODE_SIGN_STYLE = Automatic;
				INFOPLIST_FILE = bookXCHANGETests/Info.plist;
				LD_RUNPATH_SEARCH_PATHS = (
					"$(inherited)",
					"@executable_path/Frameworks",
					"@loader_path/Frameworks",
				);
				PRODUCT_BUNDLE_IDENTIFIER = ericCHU.bookXCHANGETests;
				PRODUCT_NAME = "$(TARGET_NAME)";
				SWIFT_VERSION = 4.2;
				TARGETED_DEVICE_FAMILY = "1,2";
				TEST_HOST = "$(BUILT_PRODUCTS_DIR)/bookXCHANGE.app/bookXCHANGE";
			};
			name = Release;
		};
		2C2BF20D221933DB00EEE59F /* Debug */ = {
			isa = XCBuildConfiguration;
			baseConfigurationReference = C9E2A576A77B64B207BF3869 /* Pods-bookXCHANGEUITests.debug.xcconfig */;
			buildSettings = {
				ALWAYS_EMBED_SWIFT_STANDARD_LIBRARIES = YES;
				CODE_SIGN_STYLE = Automatic;
				INFOPLIST_FILE = bookXCHANGEUITests/Info.plist;
				LD_RUNPATH_SEARCH_PATHS = (
					"$(inherited)",
					"@executable_path/Frameworks",
					"@loader_path/Frameworks",
				);
				PRODUCT_BUNDLE_IDENTIFIER = ericCHU.bookXCHANGEUITests;
				PRODUCT_NAME = "$(TARGET_NAME)";
				SWIFT_VERSION = 4.2;
				TARGETED_DEVICE_FAMILY = "1,2";
				TEST_TARGET_NAME = bookXCHANGE;
			};
			name = Debug;
		};
		2C2BF20E221933DB00EEE59F /* Release */ = {
			isa = XCBuildConfiguration;
			baseConfigurationReference = AE2D0EAF0047D657ED346237 /* Pods-bookXCHANGEUITests.release.xcconfig */;
			buildSettings = {
				ALWAYS_EMBED_SWIFT_STANDARD_LIBRARIES = YES;
				CODE_SIGN_STYLE = Automatic;
				INFOPLIST_FILE = bookXCHANGEUITests/Info.plist;
				LD_RUNPATH_SEARCH_PATHS = (
					"$(inherited)",
					"@executable_path/Frameworks",
					"@loader_path/Frameworks",
				);
				PRODUCT_BUNDLE_IDENTIFIER = ericCHU.bookXCHANGEUITests;
				PRODUCT_NAME = "$(TARGET_NAME)";
				SWIFT_VERSION = 4.2;
				TARGETED_DEVICE_FAMILY = "1,2";
				TEST_TARGET_NAME = bookXCHANGE;
			};
			name = Release;
		};
/* End XCBuildConfiguration section */

/* Begin XCConfigurationList section */
		2C2BF1D9221933D900EEE59F /* Build configuration list for PBXProject "bookXCHANGE" */ = {
			isa = XCConfigurationList;
			buildConfigurations = (
				2C2BF204221933DB00EEE59F /* Debug */,
				2C2BF205221933DB00EEE59F /* Release */,
			);
			defaultConfigurationIsVisible = 0;
			defaultConfigurationName = Release;
		};
		2C2BF206221933DB00EEE59F /* Build configuration list for PBXNativeTarget "bookXCHANGE" */ = {
			isa = XCConfigurationList;
			buildConfigurations = (
				2C2BF207221933DB00EEE59F /* Debug */,
				2C2BF208221933DB00EEE59F /* Release */,
			);
			defaultConfigurationIsVisible = 0;
			defaultConfigurationName = Release;
		};
		2C2BF209221933DB00EEE59F /* Build configuration list for PBXNativeTarget "bookXCHANGETests" */ = {
			isa = XCConfigurationList;
			buildConfigurations = (
				2C2BF20A221933DB00EEE59F /* Debug */,
				2C2BF20B221933DB00EEE59F /* Release */,
			);
			defaultConfigurationIsVisible = 0;
			defaultConfigurationName = Release;
		};
		2C2BF20C221933DB00EEE59F /* Build configuration list for PBXNativeTarget "bookXCHANGEUITests" */ = {
			isa = XCConfigurationList;
			buildConfigurations = (
				2C2BF20D221933DB00EEE59F /* Debug */,
				2C2BF20E221933DB00EEE59F /* Release */,
			);
			defaultConfigurationIsVisible = 0;
			defaultConfigurationName = Release;
		};
/* End XCConfigurationList section */
	};
	rootObject = 2C2BF1D6221933D900EEE59F /* Project object */;
}
